hash: b76f6b6cb89a553592a0cb305954120b5f3ebd014aecd0e68474a8b196a2a014
updated: 2017-05-03T17:57:06.594911579+03:00
imports:
- name: github.com/astaxie/beego
  version: 7452151beec2f43c42122fd91b7523bcbccf05be
  subpackages:
  - config
  - context
  - grace
  - logs
  - session
  - toolbox
  - utils
- name: github.com/bmatsuo/lmdb-go
  version: a14b5a390eff52e52a20eceb3020038b3d291432
  subpackages:
  - internal/lmdbarch
  - lmdb
- name: github.com/gorilla/websocket
  version: a91eba7f97777409bc2c443f5534d41dd20c5720
- name: github.com/satori/go.uuid
  version: 879c5887cd475cd7864858769793b2ceb0d44feb
testImports:
- name: github.com/gopherjs/gopherjs
  version: 9659c814f1d54d63f9c623449a7111d3864c1361
  subpackages:
  - js
- name: github.com/jtolds/gls
  version: bb0351aa7eb6f322f32667d51375f26a2bca6628
- name: github.com/smartystreets/assertions
  version: c9ee7d9e9a2aeec0bee7c4a516f3e0ad7cb7e558
  subpackages:
  - internal/go-render/render
  - internal/oglematchers
- name: github.com/smartystreets/goconvey
  version: d4c757aa9afd1e2fc1832aaab209b5794eb336e1
  subpackages:
  - convey
  - convey/gotest
  - convey/reporting
